<?xml version="1.0" encoding="utf-8"?>
<Project ToolsVersion="4.0" xmlns="http://schemas.microsoft.com/developer/msbuild/2003">
  <ItemGroup>
    <Filter Include="Source Files">
      <UniqueIdentifier>{4FC737F1-C7A5-4376-A066-2A32D752A2FF}</UniqueIdentifier>
      <Extensions>cpp;c;cc;cxx;c++;cppm;ixx;def;odl;idl;hpj;bat;asm;asmx</Extensions>
    </Filter>
    <Filter Include="Header Files">
      <UniqueIdentifier>{93995380-89BD-4b04-88EB-625FBE52EBFB}</UniqueIdentifier>
      <Extensions>h;hh;hpp;hxx;h++;hm;inl;inc;ipp;xsd</Extensions>
    </Filter>
    <Filter Include="Resource Files">
      <UniqueIdentifier>{67DA6AB6-F800-4c08-8B7A-83BB121AAD01}</UniqueIdentifier>
      <Extensions>rc;ico;cur;bmp;dlg;rc2;rct;bin;rgs;gif;jpg;jpeg;jpe;resx;tiff;tif;png;wav;mfcribbon-ms</Extensions>
    </Filter>
  </ItemGroup>
  <ItemGroup>
    <ClCompile Include="ChessLab.cpp">
      <Filter>Source Files</Filter>
    </ClCompile>
    <ClCompile Include="GameBoard.cpp">
      <Filter>Source Files</Filter>
    </ClCompile>
    <ClCompile Include="Direction.cpp">
      <Filter>Source Files</Filter>
    </ClCompile>
    <ClCompile Include="Figure.cpp">
      <Filter>Source Files</Filter>
    </ClCompile>
    <ClCompile Include="East.cpp">
      <Filter>Source Files</Filter>
    </ClCompile>
    <ClCompile Include="North.cpp">
      <Filter>Source Files</Filter>
    </ClCompile>
    <ClCompile Include="NorthEast.cpp">
      <Filter>Source Files</Filter>
    </ClCompile>
    <ClCompile Include="NorthPawn.cpp">
      <Filter>Source Files</Filter>
    </ClCompile>
    <ClCompile Include="NorthWest.cpp">
      <Filter>Source Files</Filter>
    </ClCompile>
    <ClCompile Include="South.cpp">
      <Filter>Source Files</Filter>
    </ClCompile>
    <ClCompile Include="SouthEast.cpp">
      <Filter>Source Files</Filter>
    </ClCompile>
    <ClCompile Include="SouthPawn.cpp">
      <Filter>Source Files</Filter>
    </ClCompile>
    <ClCompile Include="SouthWest.cpp">
      <Filter>Source Files</Filter>
    </ClCompile>
    <ClCompile Include="West.cpp">
      <Filter>Source Files</Filter>
    </ClCompile>
    <ClCompile Include="Horse.cpp">
      <Filter>Source Files</Filter>
    </ClCompile>
    <ClCompile Include="King.cpp">
      <Filter>Source Files</Filter>
    </ClCompile>
    <ClCompile Include="PawnBlack.cpp">
      <Filter>Source Files</Filter>
    </ClCompile>
    <ClCompile Include="PawnWhite.cpp">
      <Filter>Source Files</Filter>
    </ClCompile>
    <ClCompile Include="Queen.cpp">
      <Filter>Source Files</Filter>
    </ClCompile>
    <ClCompile Include="Runner.cpp">
      <Filter>Source Files</Filter>
    </ClCompile>
    <ClCompile Include="Tower.cpp">
      <Filter>Source Files</Filter>
    </ClCompile>
    <ClCompile Include="ChainBuilder.cpp">
      <Filter>Source Files</Filter>
    </ClCompile>
  </ItemGroup>
  <ItemGroup>
    <ClInclude Include="GameBoard.h">
      <Filter>Header Files</Filter>
    </ClInclude>
    <ClInclude Include="Figures.h">
      <Filter>Header Files</Filter>
    </ClInclude>
    <ClInclude Include="Coordinates.h">
      <Filter>Header Files</Filter>
    </ClInclude>
    <ClInclude Include="Direction.h">
      <Filter>Header Files</Filter>
    </ClInclude>
    <ClInclude Include="Figure.h">
      <Filter>Header Files</Filter>
    </ClInclude>
    <ClInclude Include="East.h">
      <Filter>Header Files</Filter>
    </ClInclude>
    <ClInclude Include="North.h">
      <Filter>Header Files</Filter>
    </ClInclude>
    <ClInclude Include="NorthEast.h">
      <Filter>Header Files</Filter>
    </ClInclude>
    <ClInclude Include="NorthPawn.h">
      <Filter>Header Files</Filter>
    </ClInclude>
    <ClInclude Include="NorthWest.h">
      <Filter>Header Files</Filter>
    </ClInclude>
    <ClInclude Include="South.h">
      <Filter>Header Files</Filter>
    </ClInclude>
    <ClInclude Include="SouthEast.h">
      <Filter>Header Files</Filter>
    </ClInclude>
    <ClInclude Include="SouthPawn.h">
      <Filter>Header Files</Filter>
    </ClInclude>
    <ClInclude Include="SouthWest.h">
      <Filter>Header Files</Filter>
    </ClInclude>
    <ClInclude Include="West.h">
      <Filter>Header Files</Filter>
    </ClInclude>
    <ClInclude Include="BoardModel.h">
      <Filter>Header Files</Filter>
    </ClInclude>
    <ClInclude Include="Horse.h">
      <Filter>Header Files</Filter>
    </ClInclude>
    <ClInclude Include="King.h">
      <Filter>Header Files</Filter>
    </ClInclude>
    <ClInclude Include="PawnBlack.h">
      <Filter>Header Files</Filter>
    </ClInclude>
    <ClInclude Include="PawnWhite.h">
      <Filter>Header Files</Filter>
    </ClInclude>
    <ClInclude Include="Queen.h">
      <Filter>Header Files</Filter>
    </ClInclude>
    <ClInclude Include="Runner.h">
      <Filter>Header Files</Filter>
    </ClInclude>
    <ClInclude Include="Tower.h">
      <Filter>Header Files</Filter>
    </ClInclude>
    <ClInclude Include="ChainBuilder.h">
      <Filter>Header Files</Filter>
    </ClInclude>
  </ItemGroup>
</Project>